
Microsoft Visual Studio Solution File, Format Version 12.00
# Visual Studio Version 17
VisualStudioVersion = 17.1.32228.430
MinimumVisualStudioVersion = 10.0.40219.1
Project("{FAE04EC0-301F-11D3-BF4B-00C04F79EFBC}") = "Productos1", "Productos1\Productos1.csproj", "{7033BD72-F1D7-4BF1-8B72-95997A5EC5B5}"
EndProject
Project("{FAE04EC0-301F-11D3-BF4B-00C04F79EFBC}") = "Entidades", "Entidades\Entidades.csproj", "{D625B5ED-CFD5-4BC5-9046-0E4C4A08EE44}"
EndProject
Global
	GlobalSection(SolutionConfigurationPlatforms) = preSolution
		Debug|Any CPU = Debug|Any CPU
		Release|Any CPU = Release|Any CPU
	EndGlobalSection
	GlobalSection(ProjectConfigurationPlatforms) = postSolution
		{7033BD72-F1D7-4BF1-8B72-95997A5EC5B5}.Debug|Any CPU.ActiveCfg = Debug|Any CPU
		{7033BD72-F1D7-4BF1-8B72-95997A5EC5B5}.Debug|Any CPU.Build.0 = Debug|Any CPU
		{7033BD72-F1D7-4BF1-8B72-95997A5EC5B5}.Release|Any CPU.ActiveCfg = Release|Any CPU
		{7033BD72-F1D7-4BF1-8B72-95997A5EC5B5}.Release|Any CPU.Build.0 = Release|Any CPU
		{D625B5ED-CFD5-4BC5-9046-0E4C4A08EE44}.Debug|Any CPU.ActiveCfg = Debug|Any CPU
		{D625B5ED-CFD5-4BC5-9046-0E4C4A08EE44}.Debug|Any CPU.Build.0 = Debug|Any CPU
		{D625B5ED-CFD5-4BC5-9046-0E4C4A08EE44}.Release|Any CPU.ActiveCfg = Release|Any CPU
		{D625B5ED-CFD5-4BC5-9046-0E4C4A08EE44}.Release|Any CPU.Build.0 = Release|Any CPU
	EndGlobalSection
	GlobalSection(SolutionProperties) = preSolution
		HideSolutionNode = FALSE
	EndGlobalSection
	GlobalSection(ExtensibilityGlobals) = postSolution
		SolutionGuid = {310992A9-A63F-4B56-A6BC-34A546441661}
	EndGlobalSection
EndGlobal
